
Microsoft Visual Studio Solution File, Format Version 12.00
# Visual Studio Version 16
VisualStudioVersion = 16.0.30225.117
MinimumVisualStudioVersion = 10.0.40219.1
Project("{9A19103F-16F7-4668-BE54-9A1E7A4F7556}") = "FypProject", "FypProject\FypProject.csproj", "{A9835482-0B49-494F-AB26-72C18D28F3D7}"
EndProject
Project("{D954291E-2A0B-460D-934E-DC6B0785DB48}") = "DBModel", "DBModel\DBModel.shproj", "{9BA3E04D-DD72-4940-B2A2-8603426606AC}"
EndProject
Project("{2150E333-8FDC-42A3-9474-1A3956D46DE8}") = "Shared", "Shared", "{3211B4F1-AE56-4FCD-A6CB-2F4974E71303}"
EndProject
Project("{9A19103F-16F7-4668-BE54-9A1E7A4F7556}") = "Benchmark", "Benchmark\Benchmark.csproj", "{8A7F5A9E-E05C-4A47-8FC3-F8E8937B967F}"
EndProject
Project("{D954291E-2A0B-460D-934E-DC6B0785DB48}") = "ViewModel", "ViewModel\ViewModel.shproj", "{97100888-E5EA-4000-841E-92237070C337}"
EndProject
Project("{D954291E-2A0B-460D-934E-DC6B0785DB48}") = "Repository", "Repository\Repository.shproj", "{1A5A0F50-FCA3-4AD8-8FBB-580BB25882B3}"
EndProject
Global
	GlobalSection(SharedMSBuildProjectFiles) = preSolution
		Repository\Repository.projitems*{1a5a0f50-fca3-4ad8-8fbb-580bb25882b3}*SharedItemsImports = 13
		ViewModel\ViewModel.projitems*{97100888-e5ea-4000-841e-92237070c337}*SharedItemsImports = 13
		DBModel\DBModel.projitems*{9ba3e04d-dd72-4940-b2a2-8603426606ac}*SharedItemsImports = 13
		DBModel\DBModel.projitems*{a9835482-0b49-494f-ab26-72c18d28f3d7}*SharedItemsImports = 5
		Repository\Repository.projitems*{a9835482-0b49-494f-ab26-72c18d28f3d7}*SharedItemsImports = 5
		ViewModel\ViewModel.projitems*{a9835482-0b49-494f-ab26-72c18d28f3d7}*SharedItemsImports = 5
	EndGlobalSection
	GlobalSection(SolutionConfigurationPlatforms) = preSolution
		Debug|Any CPU = Debug|Any CPU
		Release|Any CPU = Release|Any CPU
	EndGlobalSection
	GlobalSection(ProjectConfigurationPlatforms) = postSolution
		{A9835482-0B49-494F-AB26-72C18D28F3D7}.Debug|Any CPU.ActiveCfg = Debug|Any CPU
		{A9835482-0B49-494F-AB26-72C18D28F3D7}.Debug|Any CPU.Build.0 = Debug|Any CPU
		{A9835482-0B49-494F-AB26-72C18D28F3D7}.Release|Any CPU.ActiveCfg = Release|Any CPU
		{A9835482-0B49-494F-AB26-72C18D28F3D7}.Release|Any CPU.Build.0 = Release|Any CPU
		{8A7F5A9E-E05C-4A47-8FC3-F8E8937B967F}.Debug|Any CPU.ActiveCfg = Debug|Any CPU
		{8A7F5A9E-E05C-4A47-8FC3-F8E8937B967F}.Debug|Any CPU.Build.0 = Debug|Any CPU
		{8A7F5A9E-E05C-4A47-8FC3-F8E8937B967F}.Release|Any CPU.ActiveCfg = Release|Any CPU
		{8A7F5A9E-E05C-4A47-8FC3-F8E8937B967F}.Release|Any CPU.Build.0 = Release|Any CPU
	EndGlobalSection
	GlobalSection(SolutionProperties) = preSolution
		HideSolutionNode = FALSE
	EndGlobalSection
	GlobalSection(NestedProjects) = preSolution
		{9BA3E04D-DD72-4940-B2A2-8603426606AC} = {3211B4F1-AE56-4FCD-A6CB-2F4974E71303}
		{97100888-E5EA-4000-841E-92237070C337} = {3211B4F1-AE56-4FCD-A6CB-2F4974E71303}
		{1A5A0F50-FCA3-4AD8-8FBB-580BB25882B3} = {3211B4F1-AE56-4FCD-A6CB-2F4974E71303}
	EndGlobalSection
	GlobalSection(ExtensibilityGlobals) = postSolution
		SolutionGuid = {916AEAE1-94E7-449C-851E-3D1CE61EAD2B}
	EndGlobalSection
EndGlobal
